# This file is automatically @generated by Cargo.
# It is not intended for manual editing.
version = 4

[[package]]
name = "telltale"
version = "0.1.0"

[[package]]
name = "telltale-api"
version = "0.1.0"

[[package]]
name = "telltale-cache"
version = "0.1.0"

[[package]]
name = "telltale-cluster"
version = "0.1.0"

[[package]]
name = "telltale-config"
version = "0.1.0"

[[package]]
name = "telltale-filter"
version = "0.1.0"

[[package]]
name = "telltale-net"
version = "0.1.0"

[[package]]
name = "telltale-policy"
version = "0.1.0"

[[package]]
name = "telltale-proto"
version = "0.1.0"

[[package]]
name = "telltale-recursor"
version = "0.1.0"

[[package]]
name = "telltale-store"
version = "0.1.0"

[[package]]
name = "telltale-telemetry"
version = "0.1.0"

[[package]]
name = "telltale-upstream"
version = "0.1.0"
